
Microsoft Visual Studio Solution File, Format Version 12.00
# Visual Studio Version 17
VisualStudioVersion = 17.7.34221.43
MinimumVisualStudioVersion = 10.0.40219.1
Project("{FAE04EC0-301F-11D3-BF4B-00C04F79EFBC}") = "BRTS_System", "BRTS_System\BRTS_System.csproj", "{3A066EE8-CEAC-43E4-821D-FF8F9F83BFE8}"
EndProject
Global
	GlobalSection(SolutionConfigurationPlatforms) = preSolution
		Debug|Any CPU = Debug|Any CPU
		Release|Any CPU = Release|Any CPU
	EndGlobalSection
	GlobalSection(ProjectConfigurationPlatforms) = postSolution
		{3A066EE8-CEAC-43E4-821D-FF8F9F83BFE8}.Debug|Any CPU.ActiveCfg = Debug|Any CPU
		{3A066EE8-CEAC-43E4-821D-FF8F9F83BFE8}.Debug|Any CPU.Build.0 = Debug|Any CPU
		{3A066EE8-CEAC-43E4-821D-FF8F9F83BFE8}.Release|Any CPU.ActiveCfg = Release|Any CPU
		{3A066EE8-CEAC-43E4-821D-FF8F9F83BFE8}.Release|Any CPU.Build.0 = Release|Any CPU
	EndGlobalSection
	GlobalSection(SolutionProperties) = preSolution
		HideSolutionNode = FALSE
	EndGlobalSection
	GlobalSection(ExtensibilityGlobals) = postSolution
		SolutionGuid = {883186C3-5F0C-4EE5-AEC5-6E3932F2AE2D}
	EndGlobalSection
EndGlobal
